
Microsoft Visual Studio Solution File, Format Version 12.00
# Visual Studio Version 17
VisualStudioVersion = 17.9.34728.123
MinimumVisualStudioVersion = 10.0.40219.1
Project("{FAE04EC0-301F-11D3-BF4B-00C04F79EFBC}") = "Resulver.AspNetCore.WebApi", "Resulver.AspNetCore.WebApi\Resulver.AspNetCore.WebApi.csproj", "{54D3AF09-96C5-4150-AC23-582AF28419E7}"
EndProject
Global
	GlobalSection(SolutionConfigurationPlatforms) = preSolution
		Debug|Any CPU = Debug|Any CPU
		Release|Any CPU = Release|Any CPU
	EndGlobalSection
	GlobalSection(ProjectConfigurationPlatforms) = postSolution
		{54D3AF09-96C5-4150-AC23-582AF28419E7}.Debug|Any CPU.ActiveCfg = Debug|Any CPU
		{54D3AF09-96C5-4150-AC23-582AF28419E7}.Debug|Any CPU.Build.0 = Debug|Any CPU
		{54D3AF09-96C5-4150-AC23-582AF28419E7}.Release|Any CPU.ActiveCfg = Release|Any CPU
		{54D3AF09-96C5-4150-AC23-582AF28419E7}.Release|Any CPU.Build.0 = Release|Any CPU
	EndGlobalSection
	GlobalSection(SolutionProperties) = preSolution
		HideSolutionNode = FALSE
	EndGlobalSection
	GlobalSection(ExtensibilityGlobals) = postSolution
		SolutionGuid = {CB352CD5-28AE-477D-850E-FD44C9177C3C}
	EndGlobalSection
EndGlobal
